
Microsoft Visual Studio Solution File, Format Version 12.00
# Visual Studio Version 17
VisualStudioVersion = 17.0.31903.59
MinimumVisualStudioVersion = 10.0.40219.1
Project("{FAE04EC0-301F-11D3-BF4B-00C04F79EFBC}") = "dotnet", "dotnet.csproj", "{89240C31-EC57-4489-AC62-818680043A0E}"
EndProject
Global
	GlobalSection(SolutionConfigurationPlatforms) = preSolution
		Debug|Any CPU = Debug|Any CPU
		Release|Any CPU = Release|Any CPU
	EndGlobalSection
	GlobalSection(SolutionProperties) = preSolution
		HideSolutionNode = FALSE
	EndGlobalSection
	GlobalSection(ProjectConfigurationPlatforms) = postSolution
		{0A9A92C4-D33C-4C5B-BE99-2B1688354A7B}.Debug|Any CPU.ActiveCfg = Debug|Any CPU
		{0A9A92C4-D33C-4C5B-BE99-2B1688354A7B}.Debug|Any CPU.Build.0 = Debug|Any CPU
		{0A9A92C4-D33C-4C5B-BE99-2B1688354A7B}.Release|Any CPU.ActiveCfg = Release|Any CPU
		{0A9A92C4-D33C-4C5B-BE99-2B1688354A7B}.Release|Any CPU.Build.0 = Release|Any CPU
		{35128403-BAFD-4A7B-B7DC-B25E4579F9A6}.Debug|Any CPU.ActiveCfg = Debug|Any CPU
		{35128403-BAFD-4A7B-B7DC-B25E4579F9A6}.Debug|Any CPU.Build.0 = Debug|Any CPU
		{35128403-BAFD-4A7B-B7DC-B25E4579F9A6}.Release|Any CPU.ActiveCfg = Release|Any CPU
		{35128403-BAFD-4A7B-B7DC-B25E4579F9A6}.Release|Any CPU.Build.0 = Release|Any CPU
		{89240C31-EC57-4489-AC62-818680043A0E}.Debug|Any CPU.ActiveCfg = Debug|Any CPU
		{89240C31-EC57-4489-AC62-818680043A0E}.Debug|Any CPU.Build.0 = Debug|Any CPU
		{89240C31-EC57-4489-AC62-818680043A0E}.Release|Any CPU.ActiveCfg = Release|Any CPU
		{89240C31-EC57-4489-AC62-818680043A0E}.Release|Any CPU.Build.0 = Release|Any CPU
		{84313CDE-63DE-43E6-9F9A-99F3929E0E39}.Debug|Any CPU.ActiveCfg = Debug|Any CPU
		{84313CDE-63DE-43E6-9F9A-99F3929E0E39}.Debug|Any CPU.Build.0 = Debug|Any CPU
		{84313CDE-63DE-43E6-9F9A-99F3929E0E39}.Release|Any CPU.ActiveCfg = Release|Any CPU
		{84313CDE-63DE-43E6-9F9A-99F3929E0E39}.Release|Any CPU.Build.0 = Release|Any CPU
	EndGlobalSection
EndGlobal
